
Microsoft Visual Studio Solution File, Format Version 12.00
# Visual Studio Version 17
VisualStudioVersion = 17.9.34714.143
MinimumVisualStudioVersion = 10.0.40219.1
Project("{FAE04EC0-301F-11D3-BF4B-00C04F79EFBC}") = "PrimeiroAspNet", "PrimeiroAspNet\PrimeiroAspNet.csproj", "{BC374857-762F-40D5-95BF-130EC662CA10}"
EndProject
Global
	GlobalSection(SolutionConfigurationPlatforms) = preSolution
		Debug|Any CPU = Debug|Any CPU
		Release|Any CPU = Release|Any CPU
	EndGlobalSection
	GlobalSection(ProjectConfigurationPlatforms) = postSolution
		{BC374857-762F-40D5-95BF-130EC662CA10}.Debug|Any CPU.ActiveCfg = Debug|Any CPU
		{BC374857-762F-40D5-95BF-130EC662CA10}.Debug|Any CPU.Build.0 = Debug|Any CPU
		{BC374857-762F-40D5-95BF-130EC662CA10}.Release|Any CPU.ActiveCfg = Release|Any CPU
		{BC374857-762F-40D5-95BF-130EC662CA10}.Release|Any CPU.Build.0 = Release|Any CPU
	EndGlobalSection
	GlobalSection(SolutionProperties) = preSolution
		HideSolutionNode = FALSE
	EndGlobalSection
	GlobalSection(ExtensibilityGlobals) = postSolution
		SolutionGuid = {D0039E24-94A2-4FB8-8BC2-FAC94FA5C73B}
	EndGlobalSection
EndGlobal
